{
  "nodes": {
    "emacs-overlay": {
      "locked": {
        "lastModified": 1631378009,
        "narHash": "sha256-Ex08+Ql+bVvy54NpaD4LXpxS+xx0S5sm23Vj6vqyf4Y=",
        "owner": "nix-community",
        "repo": "emacs-overlay",
        "rev": "d0d0e2069806f4abf999d033aa3baadd24870230",
        "type": "github"
      },
      "original": {
        "owner": "nix-community",
        "repo": "emacs-overlay",
        "type": "github"
      }
    },
    "home-manager": {
      "inputs": {
        "nixpkgs": "nixpkgs"
      },
      "locked": {
        "lastModified": 1630076227,
        "narHash": "sha256-p3YdtqSPLnMudWsLMgd6XMEhQKB2oz1hvDkHtOlz5/Q=",
        "owner": "nix-community",
        "repo": "home-manager",
        "rev": "f5adb9be829f487f99bcc0f1884f74ddb85f70c8",
        "type": "github"
      },
      "original": {
        "owner": "nix-community",
        "ref": "release-21.05",
        "repo": "home-manager",
        "type": "github"
      }
    },
    "nixpkgs": {
      "locked": {
        "lastModified": 1631393907,
        "narHash": "sha256-Td45VRWvWWVdAKJlCwIwF4Vi1hXdBfx6hNPy1RU3pds=",
        "owner": "NixOS",
        "repo": "nixpkgs",
        "rev": "8410f8adb4c9fb0054893dc2487ac7148295719f",
        "type": "github"
      },
      "original": {
        "id": "nixpkgs",
        "type": "indirect"
      }
    },
    "nixpkgs-unstable": {
      "locked": {
        "lastModified": 1631315520,
        "narHash": "sha256-Y8j0JYtZMifrHaWdTfTp1mYVXZ2PLJO/P0XZxMvo7KU=",
        "owner": "NixOS",
        "repo": "nixpkgs",
        "rev": "b72ad04a8a324697d3fb92e19cd840379a902813",
        "type": "github"
      },
      "original": {
        "owner": "NixOS",
        "ref": "nixpkgs-unstable",
        "repo": "nixpkgs",
        "type": "github"
      }
    },
    "nixpkgs_2": {
      "locked": {
        "lastModified": 1631275245,
        "narHash": "sha256-vROU1OFI2zvKSBjbMpbpl9R08Or3eUwaW5HJLq88QWY=",
        "owner": "NixOS",
        "repo": "nixpkgs",
        "rev": "8b0b81dab17753ab344a44c04be90a61dc55badf",
        "type": "github"
      },
      "original": {
        "owner": "NixOS",
        "ref": "nixos-21.05",
        "repo": "nixpkgs",
        "type": "github"
      }
    },
    "root": {
      "inputs": {
        "emacs-overlay": "emacs-overlay",
        "home-manager": "home-manager",
        "nixpkgs": "nixpkgs_2",
        "nixpkgs-unstable": "nixpkgs-unstable"
      }
    }
  },
  "root": "root",
  "version": 7
}
