{
  "nodes": {
    "emacs-overlay": {
      "locked": {
        "lastModified": 1616214656,
        "narHash": "sha256-ceFOGcsbGlP/qtxMBlRGFH5fsbN+uGQYeHUrpgcRS4U=",
        "owner": "nix-community",
        "repo": "emacs-overlay",
        "rev": "d9530a7048f4b1c0f65825202a0ce1d111a1d39a",
        "type": "github"
      },
      "original": {
        "owner": "nix-community",
        "repo": "emacs-overlay",
        "type": "github"
      }
    },
    "home-manager": {
      "inputs": {
        "nixpkgs": "nixpkgs"
      },
      "locked": {
        "lastModified": 1612902587,
        "narHash": "sha256-VZ7Z1OMFf5ReObu3CCVBsC2DWloTYDjqW1onUKejVrE=",
        "owner": "nix-community",
        "repo": "home-manager",
        "rev": "209566c752c4428c7692c134731971193f06b37c",
        "type": "github"
      },
      "original": {
        "owner": "nix-community",
        "ref": "release-20.09",
        "repo": "home-manager",
        "type": "github"
      }
    },
    "nixpkgs": {
      "locked": {
        "lastModified": 1616811547,
        "narHash": "sha256-QJJR0OisfxXszI1ps0tWNyw0Vdxvu5LC2XipqTS1wv8=",
        "owner": "NixOS",
        "repo": "nixpkgs",
        "rev": "cadb3d9e19c8c2feae9f0bc6dab9e931299c3f42",
        "type": "github"
      },
      "original": {
        "id": "nixpkgs",
        "type": "indirect"
      }
    },
    "nixpkgs_2": {
      "locked": {
        "lastModified": 1616701903,
        "narHash": "sha256-zYjmZqdfetp6XNbJcznCGGR8YkjcZ45c3Zy+Q0GrhMw=",
        "owner": "NixOS",
        "repo": "nixpkgs",
        "rev": "34f85de51bbc74595e63b22ee089adbb31f7c7a2",
        "type": "github"
      },
      "original": {
        "owner": "NixOS",
        "ref": "nixos-20.09",
        "repo": "nixpkgs",
        "type": "github"
      }
    },
    "root": {
      "inputs": {
        "emacs-overlay": "emacs-overlay",
        "home-manager": "home-manager",
        "nixpkgs": "nixpkgs_2"
      }
    }
  },
  "root": "root",
  "version": 7
}
